
Microsoft Visual Studio Solution File, Format Version 12.00
# Visual Studio 2015
Project("{FAE04EC0-301F-11D3-BF4B-00C04F79EFBC}") = "The Great Deep Blue.CSharp", "The Great Deep Blue.CSharp.csproj", "{7E903307-1C70-F0E3-9A20-F003918896AA}"
EndProject
Project("{FAE04EC0-301F-11D3-BF4B-00C04F79EFBC}") = "The Great Deep Blue.CSharp.Editor", "The Great Deep Blue.CSharp.Editor.csproj", "{33BDA15E-C19B-A8E0-11E5-604F7ED36F64}"
EndProject
Global
	GlobalSection(SolutionConfigurationPlatforms) = preSolution
		Debug|Any CPU = Debug|Any CPU
		Release|Any CPU = Release|Any CPU
	EndGlobalSection
	GlobalSection(ProjectConfigurationPlatforms) = postSolution
		{7E903307-1C70-F0E3-9A20-F003918896AA}.Debug|Any CPU.ActiveCfg = Debug|Any CPU
		{7E903307-1C70-F0E3-9A20-F003918896AA}.Debug|Any CPU.Build.0 = Debug|Any CPU
		{7E903307-1C70-F0E3-9A20-F003918896AA}.Release|Any CPU.ActiveCfg = Release|Any CPU
		{7E903307-1C70-F0E3-9A20-F003918896AA}.Release|Any CPU.Build.0 = Release|Any CPU
		{33BDA15E-C19B-A8E0-11E5-604F7ED36F64}.Debug|Any CPU.ActiveCfg = Debug|Any CPU
		{33BDA15E-C19B-A8E0-11E5-604F7ED36F64}.Debug|Any CPU.Build.0 = Debug|Any CPU
		{33BDA15E-C19B-A8E0-11E5-604F7ED36F64}.Release|Any CPU.ActiveCfg = Release|Any CPU
		{33BDA15E-C19B-A8E0-11E5-604F7ED36F64}.Release|Any CPU.Build.0 = Release|Any CPU
	EndGlobalSection
	GlobalSection(SolutionProperties) = preSolution
		HideSolutionNode = FALSE
	EndGlobalSection
EndGlobal
